<?xml version="1.0" encoding="utf-8"?>
<Project ToolsVersion="4.0" xmlns="http://schemas.microsoft.com/developer/msbuild/2003">
  <ItemGroup>
    <Filter Include="os_win32">
      <UniqueIdentifier>{9321e988-dd03-496d-9933-7c8b235a46bf}</UniqueIdentifier>
    </Filter>
    <Filter Include="getopt">
      <UniqueIdentifier>{8ff0bf5f-c96e-45c3-bcb4-7450cecfa0d4}</UniqueIdentifier>
    </Filter>
    <Filter Include="topdir">
      <UniqueIdentifier>{4c25de4b-7a79-4411-bbc3-380c150ae57b}</UniqueIdentifier>
    </Filter>
    <Filter Include="doc">
      <UniqueIdentifier>{a1552168-6037-490d-9dc8-ccccec9b3d50}</UniqueIdentifier>
    </Filter>
    <Filter Include="os_win32\vc">
      <UniqueIdentifier>{f9b961b6-d12d-406e-ae60-d9184435b102}</UniqueIdentifier>
    </Filter>
    <Filter Include="os_win32\vc\smartmon">
      <UniqueIdentifier>{7c56e2c1-916c-4aae-99c3-4ac12c9b46e7}</UniqueIdentifier>
    </Filter>
  </ItemGroup>
  <ItemGroup>
    <ClCompile Include="..\daemon_win32.cpp">
      <Filter>os_win32</Filter>
    </ClCompile>
    <ClCompile Include="..\..\getopt\getopt.c">
      <Filter>getopt</Filter>
    </ClCompile>
    <ClCompile Include="..\..\getopt\getopt1.c">
      <Filter>getopt</Filter>
    </ClCompile>
    <ClCompile Include="..\..\ataprint.cpp" />
    <ClCompile Include="..\..\scsiprint.cpp" />
    <ClCompile Include="..\..\smartctl.cpp" />
    <ClCompile Include="..\..\ataidentify.cpp" />
    <ClCompile Include="..\..\nvmeprint.cpp" />
    <ClCompile Include="..\..\farmprint.cpp" />
  </ItemGroup>
  <ItemGroup>
    <ClInclude Include="..\..\getopt\getopt.h">
      <Filter>getopt</Filter>
    </ClInclude>
    <ClInclude Include="..\..\ataprint.h" />
    <ClInclude Include="..\..\scsiprint.h" />
    <ClInclude Include="..\..\smartctl.h" />
    <ClInclude Include="..\..\ataidentify.h" />
    <ClInclude Include="..\..\nvmeprint.h" />
    <ClInclude Include="..\..\getopt\getopt_int.h">
      <Filter>getopt</Filter>
    </ClInclude>
    <ClInclude Include="..\..\getopt\bits\getopt_core.h">
      <Filter>getopt</Filter>
    </ClInclude>
    <ClInclude Include="..\..\getopt\bits\getopt_ext.h">
      <Filter>getopt</Filter>
    </ClInclude>
    <ClInclude Include="..\..\farmprint.h" />
    <ClInclude Include="config.h">
      <Filter>os_win32\vc</Filter>
    </ClInclude>
    <ClInclude Include="smartmon\smartmon_config.h">
      <Filter>os_win32\vc\smartmon</Filter>
    </ClInclude>
    <ClInclude Include="smartmon\version.h">
      <Filter>os_win32\vc\smartmon</Filter>
    </ClInclude>
  </ItemGroup>
  <ItemGroup>
    <None Include="..\installer.nsi">
      <Filter>os_win32</Filter>
    </None>
    <None Include="..\..\Doxyfile" />
    <None Include="..\..\Makefile.am" />
    <None Include="..\..\smartctl.8.in" />
    <None Include="..\..\update-smart-drivedb.in" />
    <None Include="..\..\..\Makefile.am">
      <Filter>topdir</Filter>
    </None>
    <None Include="..\..\..\autogen.sh">
      <Filter>topdir</Filter>
    </None>
    <None Include="..\..\..\configure.ac">
      <Filter>topdir</Filter>
    </None>
    <None Include="..\..\..\doc\CHANGELOG.md">
      <Filter>doc</Filter>
    </None>
    <None Include="..\..\..\README.md">
      <Filter>topdir</Filter>
    </None>
    <None Include="..\..\..\COPYING">
      <Filter>topdir</Filter>
    </None>
    <None Include="..\versioninfo.rc.in">
      <Filter>os_win32</Filter>
    </None>
    <None Include="..\update-smart-drivedb.ps1.in">
      <Filter>os_win32</Filter>
    </None>
    <None Include="..\..\update-smart-drivedb.8.in" />
    <None Include="..\..\getversion.sh" />
  </ItemGroup>
  <ItemGroup>
    <CustomBuildStep Include="..\daemon_win32.h">
      <Filter>os_win32</Filter>
    </CustomBuildStep>
  </ItemGroup>
  <ItemGroup>
    <ResourceCompile Include="smartctl_res.rc">
      <Filter>os_win32\vc</Filter>
    </ResourceCompile>
  </ItemGroup>
</Project>