<?xml version="1.0" encoding="utf-8"?>
<Project ToolsVersion="4.0" xmlns="http://schemas.microsoft.com/developer/msbuild/2003">
  <ItemGroup>
    <Filter Include="os_win32">
      <UniqueIdentifier>{9321e988-dd03-496d-9933-7c8b235a46bf}</UniqueIdentifier>
    </Filter>
    <Filter Include="regex">
      <UniqueIdentifier>{bfbfd4ea-fae3-45ec-9cfb-c5424218c47c}</UniqueIdentifier>
    </Filter>
    <Filter Include="getopt">
      <UniqueIdentifier>{8ff0bf5f-c96e-45c3-bcb4-7450cecfa0d4}</UniqueIdentifier>
    </Filter>
    <Filter Include="topdir">
      <UniqueIdentifier>{4c25de4b-7a79-4411-bbc3-380c150ae57b}</UniqueIdentifier>
    </Filter>
    <Filter Include="doc">
      <UniqueIdentifier>{a1552168-6037-490d-9dc8-ccccec9b3d50}</UniqueIdentifier>
    </Filter>
    <Filter Include="os_win32\vc">
      <UniqueIdentifier>{f9b961b6-d12d-406e-ae60-d9184435b102}</UniqueIdentifier>
    </Filter>
  </ItemGroup>
  <ItemGroup>
    <ClCompile Include="..\daemon_win32.cpp">
      <Filter>os_win32</Filter>
    </ClCompile>
    <ClCompile Include="..\syslog_win32.cpp">
      <Filter>os_win32</Filter>
    </ClCompile>
    <ClCompile Include="..\wmiquery.cpp">
      <Filter>os_win32</Filter>
    </ClCompile>
    <ClCompile Include="..\..\regex\regcomp.c">
      <Filter>regex</Filter>
    </ClCompile>
    <ClCompile Include="..\..\regex\regex.c">
      <Filter>regex</Filter>
    </ClCompile>
    <ClCompile Include="..\..\regex\regex_internal.c">
      <Filter>regex</Filter>
    </ClCompile>
    <ClCompile Include="..\..\regex\regexec.c">
      <Filter>regex</Filter>
    </ClCompile>
    <ClCompile Include="..\..\getopt\getopt.c">
      <Filter>getopt</Filter>
    </ClCompile>
    <ClCompile Include="..\..\getopt\getopt1.c">
      <Filter>getopt</Filter>
    </ClCompile>
    <ClCompile Include="..\..\atacmdnames.cpp" />
    <ClCompile Include="..\..\atacmds.cpp" />
    <ClCompile Include="..\..\ataprint.cpp" />
    <ClCompile Include="..\..\cciss.cpp" />
    <ClCompile Include="..\..\dev_ata_cmd_set.cpp" />
    <ClCompile Include="..\..\dev_interface.cpp" />
    <ClCompile Include="..\..\dev_jmb39x_raid.cpp" />
    <ClCompile Include="..\..\dev_legacy.cpp" />
    <ClCompile Include="..\..\knowndrives.cpp" />
    <ClCompile Include="..\..\os_darwin.cpp" />
    <ClCompile Include="..\..\os_freebsd.cpp" />
    <ClCompile Include="..\..\os_generic.cpp" />
    <ClCompile Include="..\..\os_linux.cpp" />
    <ClCompile Include="..\..\os_netbsd.cpp" />
    <ClCompile Include="..\..\os_openbsd.cpp" />
    <ClCompile Include="..\..\os_os2.cpp" />
    <ClCompile Include="..\..\os_qnxnto.cpp" />
    <ClCompile Include="..\..\os_solaris.cpp" />
    <ClCompile Include="..\..\os_win32.cpp" />
    <ClCompile Include="..\..\scsiata.cpp" />
    <ClCompile Include="..\..\scsicmds.cpp" />
    <ClCompile Include="..\..\scsinvme.cpp" />
    <ClCompile Include="..\..\scsiprint.cpp" />
    <ClCompile Include="..\..\smartctl.cpp" />
    <ClCompile Include="..\..\smartd.cpp" />
    <ClCompile Include="..\..\utility.cpp" />
    <ClCompile Include="..\..\ataidentify.cpp" />
    <ClCompile Include="..\..\dev_areca.cpp" />
    <ClCompile Include="..\..\nvmecmds.cpp" />
    <ClCompile Include="..\..\nvmeprint.cpp" />
    <ClCompile Include="..\..\dev_intelliprop.cpp" />
    <ClCompile Include="..\..\json.cpp" />
    <ClCompile Include="..\popen_win32.cpp">
      <Filter>os_win32</Filter>
    </ClCompile>
    <ClCompile Include="..\..\farmcmds.cpp" />
    <ClCompile Include="..\..\farmprint.cpp" />
  </ItemGroup>
  <ItemGroup>
    <ClInclude Include="..\wmiquery.h">
      <Filter>os_win32</Filter>
    </ClInclude>
    <ClInclude Include="..\..\regex\regex.h">
      <Filter>regex</Filter>
    </ClInclude>
    <ClInclude Include="..\..\regex\regex_internal.h">
      <Filter>regex</Filter>
    </ClInclude>
    <ClInclude Include="..\..\getopt\getopt.h">
      <Filter>getopt</Filter>
    </ClInclude>
    <ClInclude Include="..\..\aacraid.h" />
    <ClInclude Include="..\..\atacmdnames.h" />
    <ClInclude Include="..\..\atacmds.h" />
    <ClInclude Include="..\..\ataprint.h" />
    <ClInclude Include="..\..\cissio_freebsd.h" />
    <ClInclude Include="..\..\csmisas.h" />
    <ClInclude Include="..\..\dev_ata_cmd_set.h" />
    <ClInclude Include="..\..\dev_interface.h" />
    <ClInclude Include="..\..\dev_tunnelled.h" />
    <ClInclude Include="..\..\drivedb.h" />
    <ClInclude Include="..\..\knowndrives.h" />
    <ClInclude Include="..\..\scsicmds.h" />
    <ClInclude Include="..\..\scsiprint.h" />
    <ClInclude Include="..\..\smartctl.h" />
    <ClInclude Include="..\..\utility.h" />
    <ClInclude Include="..\..\ataidentify.h" />
    <ClInclude Include="..\..\dev_areca.h" />
    <ClInclude Include="..\..\nvmecmds.h" />
    <ClInclude Include="..\..\nvmeprint.h" />
    <ClInclude Include="..\..\json.h" />
    <ClInclude Include="..\..\static_assert.h" />
    <ClInclude Include="..\..\getopt\getopt_int.h">
      <Filter>getopt</Filter>
    </ClInclude>
    <ClInclude Include="..\..\getopt\bits\getopt_core.h">
      <Filter>getopt</Filter>
    </ClInclude>
    <ClInclude Include="..\..\getopt\bits\getopt_ext.h">
      <Filter>getopt</Filter>
    </ClInclude>
    <ClInclude Include="..\popen.h">
      <Filter>os_win32</Filter>
    </ClInclude>
    <ClInclude Include="..\..\sg_unaligned.h" />
    <ClInclude Include="..\..\freebsd_nvme_ioctl.h" />
    <ClInclude Include="..\..\linux_nvme_ioctl.h" />
    <ClInclude Include="..\..\netbsd_nvme_ioctl.h" />
    <ClInclude Include="..\..\farmcmds.h" />
    <ClInclude Include="..\..\farmprint.h" />
    <ClInclude Include="..\..\sssraid.h" />
    <ClInclude Include="version.h">
      <Filter>os_win32\vc</Filter>
    </ClInclude>
    <ClInclude Include="config.h">
      <Filter>os_win32\vc</Filter>
    </ClInclude>
  </ItemGroup>
  <ItemGroup>
    <None Include="..\installer.nsi">
      <Filter>os_win32</Filter>
    </None>
    <None Include="..\..\config.h.in" />
    <None Include="..\..\Doxyfile" />
    <None Include="..\..\Makefile.am" />
    <None Include="..\..\smartctl.8.in" />
    <None Include="..\..\smartd.8.in" />
    <None Include="..\..\smartd.conf.5.in" />
    <None Include="..\..\smartd.initd.in" />
    <None Include="..\..\update-smart-drivedb.in" />
    <None Include="..\smartd_warning.cmd">
      <Filter>os_win32</Filter>
    </None>
    <None Include="..\..\smartd_warning.sh.in" />
    <None Include="..\syslogevt.mc">
      <Filter>os_win32</Filter>
    </None>
    <None Include="..\..\..\Makefile.am">
      <Filter>topdir</Filter>
    </None>
    <None Include="..\..\..\autogen.sh">
      <Filter>topdir</Filter>
    </None>
    <None Include="..\..\..\configure.ac">
      <Filter>topdir</Filter>
    </None>
    <None Include="..\..\..\doc\CHANGELOG.md">
      <Filter>doc</Filter>
    </None>
    <None Include="..\..\..\README.md">
      <Filter>topdir</Filter>
    </None>
    <None Include="..\..\..\COPYING">
      <Filter>topdir</Filter>
    </None>
    <None Include="..\versioninfo.rc.in">
      <Filter>os_win32</Filter>
    </None>
    <None Include="..\smartd_mailer.conf.sample.ps1">
      <Filter>os_win32</Filter>
    </None>
    <None Include="..\smartd_mailer.ps1">
      <Filter>os_win32</Filter>
    </None>
    <None Include="..\update-smart-drivedb.ps1.in">
      <Filter>os_win32</Filter>
    </None>
    <None Include="..\..\update-smart-drivedb.8.in" />
    <None Include="..\..\getversion.sh" />
  </ItemGroup>
  <ItemGroup>
    <CustomBuildStep Include="..\daemon_win32.h">
      <Filter>os_win32</Filter>
    </CustomBuildStep>
    <CustomBuildStep Include="..\syslog.h">
      <Filter>os_win32</Filter>
    </CustomBuildStep>
    <CustomBuildStep Include="..\..\cciss.h" />
    <CustomBuildStep Include="..\..\megaraid.h" />
    <CustomBuildStep Include="..\..\os_darwin.h" />
    <CustomBuildStep Include="..\..\os_freebsd.h" />
    <CustomBuildStep Include="..\..\os_generic.h" />
    <CustomBuildStep Include="..\..\os_linux.h" />
    <CustomBuildStep Include="..\..\os_netbsd.h" />
    <CustomBuildStep Include="..\..\os_openbsd.h" />
    <CustomBuildStep Include="..\..\os_os2.h" />
    <CustomBuildStep Include="..\..\os_qnxnto.h" />
    <CustomBuildStep Include="..\..\os_solaris.h" />
  </ItemGroup>
  <ItemGroup>
    <ResourceCompile Include="smartctl_res.rc">
      <Filter>os_win32\vc</Filter>
    </ResourceCompile>
    <ResourceCompile Include="smartd_res.rc">
      <Filter>os_win32\vc</Filter>
    </ResourceCompile>
  </ItemGroup>
</Project>